
Microsoft Visual Studio Solution File, Format Version 12.00
# Visual Studio Version 16
VisualStudioVersion = 16.0.29324.140
MinimumVisualStudioVersion = 10.0.40219.1
Project("{FAE04EC0-301F-11D3-BF4B-00C04F79EFBC}") = "HandMovement", "HandMovement\HandMovement.csproj", "{9B837F03-E8E4-446D-877C-60A11BB32BD8}"
EndProject
Global
	GlobalSection(SolutionConfigurationPlatforms) = preSolution
		Debug|Any CPU = Debug|Any CPU
		Release|Any CPU = Release|Any CPU
	EndGlobalSection
	GlobalSection(ProjectConfigurationPlatforms) = postSolution
		{9B837F03-E8E4-446D-877C-60A11BB32BD8}.Debug|Any CPU.ActiveCfg = Debug|Any CPU
		{9B837F03-E8E4-446D-877C-60A11BB32BD8}.Debug|Any CPU.Build.0 = Debug|Any CPU
		{9B837F03-E8E4-446D-877C-60A11BB32BD8}.Release|Any CPU.ActiveCfg = Release|Any CPU
		{9B837F03-E8E4-446D-877C-60A11BB32BD8}.Release|Any CPU.Build.0 = Release|Any CPU
	EndGlobalSection
	GlobalSection(SolutionProperties) = preSolution
		HideSolutionNode = FALSE
	EndGlobalSection
	GlobalSection(ExtensibilityGlobals) = postSolution
		SolutionGuid = {7D7E23D8-1300-41D5-98E3-352FD467907D}
	EndGlobalSection
EndGlobal
